dependencies:
  espressif/esp_tinyusb:
    component_hash: 96d232ced7afe1976119b62f7fbf1944a2a78b36228ff6f7b9318394ac1153cc
    dependencies:
    - name: idf
      require: private
      version: '>=5.0'
    - name: espressif/tinyusb
      registry_url: https://components.espressif.com
      require: public
      version: '>=0.14.2'
    source:
      registry_url: https://components.espressif.com/
      type: service
    version: 1.7.6~1
  espressif/tinyusb:
    component_hash: aec03a6402b66695719fa1121b7d9eee8031922df5c8a3f4b54a51874f65bbd6
    dependencies:
    - name: idf
      require: private
      version: '>=5.0'
    source:
      registry_url: https://components.espressif.com/
      type: service
    targets:
    - esp32s2
    - esp32s3
    - esp32p4
    - esp32h4
    version: 0.18.0~5
  idf:
    source:
      type: idf
    version: 5.5.0
  lvgl/lvgl:
    component_hash: b702d642e03e95928046d5c6726558e6444e112420c77efa5fdb6650b0a13c5d
    dependencies: []
    source:
      registry_url: https://components.espressif.com/
      type: service
    version: 9.3.0
direct_dependencies:
- espressif/esp_tinyusb
- espressif/tinyusb
- idf
- lvgl/lvgl
manifest_hash: cf7339e48615b01c18c9cb0f8a1a8dd1c1d9fe1fdb36645854859220b4407d5f
target: esp32s3
version: 2.0.0
